
Microsoft Visual Studio Solution File, Format Version 12.00
# Visual Studio Version 17
VisualStudioVersion = 17.3.32922.545
MinimumVisualStudioVersion = 10.0.40219.1
Project("{FAE04EC0-301F-11D3-BF4B-00C04F79EFBC}") = "JustForFun", "JustForFun\JustForFun.csproj", "{086740CB-2ED8-4305-A044-3505E6A81844}"
EndProject
Project("{FAE04EC0-301F-11D3-BF4B-00C04F79EFBC}") = "Final", "Final\Final.csproj", "{4AFFDD60-472F-40FD-8F9E-E3E9E3ED1E77}"
EndProject
Global
	GlobalSection(SolutionConfigurationPlatforms) = preSolution
		Debug|Any CPU = Debug|Any CPU
		Release|Any CPU = Release|Any CPU
	EndGlobalSection
	GlobalSection(ProjectConfigurationPlatforms) = postSolution
		{086740CB-2ED8-4305-A044-3505E6A81844}.Debug|Any CPU.ActiveCfg = Debug|Any CPU
		{086740CB-2ED8-4305-A044-3505E6A81844}.Debug|Any CPU.Build.0 = Debug|Any CPU
		{086740CB-2ED8-4305-A044-3505E6A81844}.Release|Any CPU.ActiveCfg = Release|Any CPU
		{086740CB-2ED8-4305-A044-3505E6A81844}.Release|Any CPU.Build.0 = Release|Any CPU
		{4AFFDD60-472F-40FD-8F9E-E3E9E3ED1E77}.Debug|Any CPU.ActiveCfg = Debug|Any CPU
		{4AFFDD60-472F-40FD-8F9E-E3E9E3ED1E77}.Debug|Any CPU.Build.0 = Debug|Any CPU
		{4AFFDD60-472F-40FD-8F9E-E3E9E3ED1E77}.Release|Any CPU.ActiveCfg = Release|Any CPU
		{4AFFDD60-472F-40FD-8F9E-E3E9E3ED1E77}.Release|Any CPU.Build.0 = Release|Any CPU
	EndGlobalSection
	GlobalSection(SolutionProperties) = preSolution
		HideSolutionNode = FALSE
	EndGlobalSection
	GlobalSection(ExtensibilityGlobals) = postSolution
		SolutionGuid = {DD5A5A16-16CB-46E6-BC05-08CBD886C66F}
	EndGlobalSection
EndGlobal
