
Microsoft Visual Studio Solution File, Format Version 12.00
# Visual Studio Version 17
VisualStudioVersion = 17.5.33516.290
MinimumVisualStudioVersion = 10.0.40219.1
Project("{FAE04EC0-301F-11D3-BF4B-00C04F79EFBC}") = "ConsoleApp3", "ConsoleApp3.csproj", "{E1BC75B3-7E70-4B79-8D70-FF7AA63D95B9}"
EndProject
Global
	GlobalSection(SolutionConfigurationPlatforms) = preSolution
		Debug|Any CPU = Debug|Any CPU
		Release|Any CPU = Release|Any CPU
	EndGlobalSection
	GlobalSection(ProjectConfigurationPlatforms) = postSolution
		{E1BC75B3-7E70-4B79-8D70-FF7AA63D95B9}.Debug|Any CPU.ActiveCfg = Debug|Any CPU
		{E1BC75B3-7E70-4B79-8D70-FF7AA63D95B9}.Debug|Any CPU.Build.0 = Debug|Any CPU
		{E1BC75B3-7E70-4B79-8D70-FF7AA63D95B9}.Release|Any CPU.ActiveCfg = Release|Any CPU
		{E1BC75B3-7E70-4B79-8D70-FF7AA63D95B9}.Release|Any CPU.Build.0 = Release|Any CPU
	EndGlobalSection
	GlobalSection(SolutionProperties) = preSolution
		HideSolutionNode = FALSE
	EndGlobalSection
	GlobalSection(ExtensibilityGlobals) = postSolution
		SolutionGuid = {F7835BBC-1B46-41EA-92B0-FBC93F3DF3E4}
	EndGlobalSection
EndGlobal
