
Microsoft Visual Studio Solution File, Format Version 12.00
# Visual Studio Version 17
VisualStudioVersion = 17.3.32922.545
MinimumVisualStudioVersion = 10.0.40219.1
Project("{9A19103F-16F7-4668-BE54-9A1E7A4F7556}") = "HomeWork11", "HomeWork11\HomeWork11.csproj", "{51DC2C2E-BCF9-4595-AFBE-F40663BE7E86}"
EndProject
Project("{9A19103F-16F7-4668-BE54-9A1E7A4F7556}") = "HomeWork121", "HomeWork121\HomeWork121.csproj", "{40CA24CA-B28A-4A90-B47F-8AD66D12A343}"
EndProject
Project("{9A19103F-16F7-4668-BE54-9A1E7A4F7556}") = "TooMuch12", "TooMuch\TooMuch12.csproj", "{09B5D4E3-8446-424A-8BAE-5A84AA2DE727}"
EndProject
Project("{FAE04EC0-301F-11D3-BF4B-00C04F79EFBC}") = "TooMuch11", "T\TooMuch11.csproj", "{D16CD2C9-B88A-44E4-886F-3D6E21F58D53}"
EndProject
Global
	GlobalSection(SolutionConfigurationPlatforms) = preSolution
		Debug|Any CPU = Debug|Any CPU
		Debug|ARM = Debug|ARM
		Debug|ARM64 = Debug|ARM64
		Debug|x64 = Debug|x64
		Debug|x86 = Debug|x86
		Release|Any CPU = Release|Any CPU
		Release|ARM = Release|ARM
		Release|ARM64 = Release|ARM64
		Release|x64 = Release|x64
		Release|x86 = Release|x86
	EndGlobalSection
	GlobalSection(ProjectConfigurationPlatforms) = postSolution
		{51DC2C2E-BCF9-4595-AFBE-F40663BE7E86}.Debug|Any CPU.ActiveCfg = Debug|Any CPU
		{51DC2C2E-BCF9-4595-AFBE-F40663BE7E86}.Debug|Any CPU.Build.0 = Debug|Any CPU
		{51DC2C2E-BCF9-4595-AFBE-F40663BE7E86}.Debug|ARM.ActiveCfg = Debug|Any CPU
		{51DC2C2E-BCF9-4595-AFBE-F40663BE7E86}.Debug|ARM.Build.0 = Debug|Any CPU
		{51DC2C2E-BCF9-4595-AFBE-F40663BE7E86}.Debug|ARM64.ActiveCfg = Debug|Any CPU
		{51DC2C2E-BCF9-4595-AFBE-F40663BE7E86}.Debug|ARM64.Build.0 = Debug|Any CPU
		{51DC2C2E-BCF9-4595-AFBE-F40663BE7E86}.Debug|x64.ActiveCfg = Debug|Any CPU
		{51DC2C2E-BCF9-4595-AFBE-F40663BE7E86}.Debug|x64.Build.0 = Debug|Any CPU
		{51DC2C2E-BCF9-4595-AFBE-F40663BE7E86}.Debug|x86.ActiveCfg = Debug|Any CPU
		{51DC2C2E-BCF9-4595-AFBE-F40663BE7E86}.Debug|x86.Build.0 = Debug|Any CPU
		{51DC2C2E-BCF9-4595-AFBE-F40663BE7E86}.Release|Any CPU.ActiveCfg = Release|Any CPU
		{51DC2C2E-BCF9-4595-AFBE-F40663BE7E86}.Release|Any CPU.Build.0 = Release|Any CPU
		{51DC2C2E-BCF9-4595-AFBE-F40663BE7E86}.Release|ARM.ActiveCfg = Release|Any CPU
		{51DC2C2E-BCF9-4595-AFBE-F40663BE7E86}.Release|ARM.Build.0 = Release|Any CPU
		{51DC2C2E-BCF9-4595-AFBE-F40663BE7E86}.Release|ARM64.ActiveCfg = Release|Any CPU
		{51DC2C2E-BCF9-4595-AFBE-F40663BE7E86}.Release|ARM64.Build.0 = Release|Any CPU
		{51DC2C2E-BCF9-4595-AFBE-F40663BE7E86}.Release|x64.ActiveCfg = Release|Any CPU
		{51DC2C2E-BCF9-4595-AFBE-F40663BE7E86}.Release|x64.Build.0 = Release|Any CPU
		{51DC2C2E-BCF9-4595-AFBE-F40663BE7E86}.Release|x86.ActiveCfg = Release|Any CPU
		{51DC2C2E-BCF9-4595-AFBE-F40663BE7E86}.Release|x86.Build.0 = Release|Any CPU
		{40CA24CA-B28A-4A90-B47F-8AD66D12A343}.Debug|Any CPU.ActiveCfg = Debug|Any CPU
		{40CA24CA-B28A-4A90-B47F-8AD66D12A343}.Debug|Any CPU.Build.0 = Debug|Any CPU
		{40CA24CA-B28A-4A90-B47F-8AD66D12A343}.Debug|ARM.ActiveCfg = Debug|Any CPU
		{40CA24CA-B28A-4A90-B47F-8AD66D12A343}.Debug|ARM.Build.0 = Debug|Any CPU
		{40CA24CA-B28A-4A90-B47F-8AD66D12A343}.Debug|ARM64.ActiveCfg = Debug|Any CPU
		{40CA24CA-B28A-4A90-B47F-8AD66D12A343}.Debug|ARM64.Build.0 = Debug|Any CPU
		{40CA24CA-B28A-4A90-B47F-8AD66D12A343}.Debug|x64.ActiveCfg = Debug|Any CPU
		{40CA24CA-B28A-4A90-B47F-8AD66D12A343}.Debug|x64.Build.0 = Debug|Any CPU
		{40CA24CA-B28A-4A90-B47F-8AD66D12A343}.Debug|x86.ActiveCfg = Debug|Any CPU
		{40CA24CA-B28A-4A90-B47F-8AD66D12A343}.Debug|x86.Build.0 = Debug|Any CPU
		{40CA24CA-B28A-4A90-B47F-8AD66D12A343}.Release|Any CPU.ActiveCfg = Release|Any CPU
		{40CA24CA-B28A-4A90-B47F-8AD66D12A343}.Release|Any CPU.Build.0 = Release|Any CPU
		{40CA24CA-B28A-4A90-B47F-8AD66D12A343}.Release|ARM.ActiveCfg = Release|Any CPU
		{40CA24CA-B28A-4A90-B47F-8AD66D12A343}.Release|ARM.Build.0 = Release|Any CPU
		{40CA24CA-B28A-4A90-B47F-8AD66D12A343}.Release|ARM64.ActiveCfg = Release|Any CPU
		{40CA24CA-B28A-4A90-B47F-8AD66D12A343}.Release|ARM64.Build.0 = Release|Any CPU
		{40CA24CA-B28A-4A90-B47F-8AD66D12A343}.Release|x64.ActiveCfg = Release|Any CPU
		{40CA24CA-B28A-4A90-B47F-8AD66D12A343}.Release|x64.Build.0 = Release|Any CPU
		{40CA24CA-B28A-4A90-B47F-8AD66D12A343}.Release|x86.ActiveCfg = Release|Any CPU
		{40CA24CA-B28A-4A90-B47F-8AD66D12A343}.Release|x86.Build.0 = Release|Any CPU
		{09B5D4E3-8446-424A-8BAE-5A84AA2DE727}.Debug|Any CPU.ActiveCfg = Debug|Any CPU
		{09B5D4E3-8446-424A-8BAE-5A84AA2DE727}.Debug|Any CPU.Build.0 = Debug|Any CPU
		{09B5D4E3-8446-424A-8BAE-5A84AA2DE727}.Debug|ARM.ActiveCfg = Debug|Any CPU
		{09B5D4E3-8446-424A-8BAE-5A84AA2DE727}.Debug|ARM.Build.0 = Debug|Any CPU
		{09B5D4E3-8446-424A-8BAE-5A84AA2DE727}.Debug|ARM64.ActiveCfg = Debug|Any CPU
		{09B5D4E3-8446-424A-8BAE-5A84AA2DE727}.Debug|ARM64.Build.0 = Debug|Any CPU
		{09B5D4E3-8446-424A-8BAE-5A84AA2DE727}.Debug|x64.ActiveCfg = Debug|Any CPU
		{09B5D4E3-8446-424A-8BAE-5A84AA2DE727}.Debug|x64.Build.0 = Debug|Any CPU
		{09B5D4E3-8446-424A-8BAE-5A84AA2DE727}.Debug|x86.ActiveCfg = Debug|Any CPU
		{09B5D4E3-8446-424A-8BAE-5A84AA2DE727}.Debug|x86.Build.0 = Debug|Any CPU
		{09B5D4E3-8446-424A-8BAE-5A84AA2DE727}.Release|Any CPU.ActiveCfg = Release|Any CPU
		{09B5D4E3-8446-424A-8BAE-5A84AA2DE727}.Release|Any CPU.Build.0 = Release|Any CPU
		{09B5D4E3-8446-424A-8BAE-5A84AA2DE727}.Release|ARM.ActiveCfg = Release|Any CPU
		{09B5D4E3-8446-424A-8BAE-5A84AA2DE727}.Release|ARM.Build.0 = Release|Any CPU
		{09B5D4E3-8446-424A-8BAE-5A84AA2DE727}.Release|ARM64.ActiveCfg = Release|Any CPU
		{09B5D4E3-8446-424A-8BAE-5A84AA2DE727}.Release|ARM64.Build.0 = Release|Any CPU
		{09B5D4E3-8446-424A-8BAE-5A84AA2DE727}.Release|x64.ActiveCfg = Release|Any CPU
		{09B5D4E3-8446-424A-8BAE-5A84AA2DE727}.Release|x64.Build.0 = Release|Any CPU
		{09B5D4E3-8446-424A-8BAE-5A84AA2DE727}.Release|x86.ActiveCfg = Release|Any CPU
		{09B5D4E3-8446-424A-8BAE-5A84AA2DE727}.Release|x86.Build.0 = Release|Any CPU
		{D16CD2C9-B88A-44E4-886F-3D6E21F58D53}.Debug|Any CPU.ActiveCfg = Debug|Any CPU
		{D16CD2C9-B88A-44E4-886F-3D6E21F58D53}.Debug|Any CPU.Build.0 = Debug|Any CPU
		{D16CD2C9-B88A-44E4-886F-3D6E21F58D53}.Debug|ARM.ActiveCfg = Debug|Any CPU
		{D16CD2C9-B88A-44E4-886F-3D6E21F58D53}.Debug|ARM.Build.0 = Debug|Any CPU
		{D16CD2C9-B88A-44E4-886F-3D6E21F58D53}.Debug|ARM64.ActiveCfg = Debug|Any CPU
		{D16CD2C9-B88A-44E4-886F-3D6E21F58D53}.Debug|ARM64.Build.0 = Debug|Any CPU
		{D16CD2C9-B88A-44E4-886F-3D6E21F58D53}.Debug|x64.ActiveCfg = Debug|Any CPU
		{D16CD2C9-B88A-44E4-886F-3D6E21F58D53}.Debug|x64.Build.0 = Debug|Any CPU
		{D16CD2C9-B88A-44E4-886F-3D6E21F58D53}.Debug|x86.ActiveCfg = Debug|Any CPU
		{D16CD2C9-B88A-44E4-886F-3D6E21F58D53}.Debug|x86.Build.0 = Debug|Any CPU
		{D16CD2C9-B88A-44E4-886F-3D6E21F58D53}.Release|Any CPU.ActiveCfg = Release|Any CPU
		{D16CD2C9-B88A-44E4-886F-3D6E21F58D53}.Release|Any CPU.Build.0 = Release|Any CPU
		{D16CD2C9-B88A-44E4-886F-3D6E21F58D53}.Release|ARM.ActiveCfg = Release|Any CPU
		{D16CD2C9-B88A-44E4-886F-3D6E21F58D53}.Release|ARM.Build.0 = Release|Any CPU
		{D16CD2C9-B88A-44E4-886F-3D6E21F58D53}.Release|ARM64.ActiveCfg = Release|Any CPU
		{D16CD2C9-B88A-44E4-886F-3D6E21F58D53}.Release|ARM64.Build.0 = Release|Any CPU
		{D16CD2C9-B88A-44E4-886F-3D6E21F58D53}.Release|x64.ActiveCfg = Release|Any CPU
		{D16CD2C9-B88A-44E4-886F-3D6E21F58D53}.Release|x64.Build.0 = Release|Any CPU
		{D16CD2C9-B88A-44E4-886F-3D6E21F58D53}.Release|x86.ActiveCfg = Release|Any CPU
		{D16CD2C9-B88A-44E4-886F-3D6E21F58D53}.Release|x86.Build.0 = Release|Any CPU
	EndGlobalSection
	GlobalSection(SolutionProperties) = preSolution
		HideSolutionNode = FALSE
	EndGlobalSection
	GlobalSection(ExtensibilityGlobals) = postSolution
		SolutionGuid = {22A59AA6-D87F-4FD4-A742-311A796C921A}
	EndGlobalSection
EndGlobal
