
Microsoft Visual Studio Solution File, Format Version 12.00
# Visual Studio Version 17
VisualStudioVersion = 17.3.32922.545
MinimumVisualStudioVersion = 10.0.40219.1
Project("{FAE04EC0-301F-11D3-BF4B-00C04F79EFBC}") = "WinFormsApp2", "WinFormsApp2.csproj", "{92F7BF16-26A7-428E-867E-5BB38AD9D774}"
EndProject
Global
	GlobalSection(SolutionConfigurationPlatforms) = preSolution
		Debug|Any CPU = Debug|Any CPU
		Release|Any CPU = Release|Any CPU
	EndGlobalSection
	GlobalSection(ProjectConfigurationPlatforms) = postSolution
		{92F7BF16-26A7-428E-867E-5BB38AD9D774}.Debug|Any CPU.ActiveCfg = Debug|Any CPU
		{92F7BF16-26A7-428E-867E-5BB38AD9D774}.Debug|Any CPU.Build.0 = Debug|Any CPU
		{92F7BF16-26A7-428E-867E-5BB38AD9D774}.Release|Any CPU.ActiveCfg = Release|Any CPU
		{92F7BF16-26A7-428E-867E-5BB38AD9D774}.Release|Any CPU.Build.0 = Release|Any CPU
	EndGlobalSection
	GlobalSection(SolutionProperties) = preSolution
		HideSolutionNode = FALSE
	EndGlobalSection
	GlobalSection(ExtensibilityGlobals) = postSolution
		SolutionGuid = {C70BD5DC-98E8-49AC-A5E5-4706B4F42C34}
	EndGlobalSection
EndGlobal
