
Microsoft Visual Studio Solution File, Format Version 12.00
# Visual Studio Version 17
VisualStudioVersion = 17.3.32922.545
MinimumVisualStudioVersion = 10.0.40219.1
Project("{9A19103F-16F7-4668-BE54-9A1E7A4F7556}") = "Tumack13", "..\Tumack13\Tumack13.csproj", "{646EAA52-1133-4A8D-B0EB-7696CC597E73}"
EndProject
Project("{9A19103F-16F7-4668-BE54-9A1E7A4F7556}") = "Tumack14", "..\Tumack14\Tumack14.csproj", "{73FAF697-0B86-4BC9-8594-8D28131FCC72}"
EndProject
Global
	GlobalSection(SolutionConfigurationPlatforms) = preSolution
		Debug|Any CPU = Debug|Any CPU
		Release|Any CPU = Release|Any CPU
	EndGlobalSection
	GlobalSection(ProjectConfigurationPlatforms) = postSolution
		{646EAA52-1133-4A8D-B0EB-7696CC597E73}.Debug|Any CPU.ActiveCfg = Debug|Any CPU
		{646EAA52-1133-4A8D-B0EB-7696CC597E73}.Debug|Any CPU.Build.0 = Debug|Any CPU
		{646EAA52-1133-4A8D-B0EB-7696CC597E73}.Release|Any CPU.ActiveCfg = Release|Any CPU
		{646EAA52-1133-4A8D-B0EB-7696CC597E73}.Release|Any CPU.Build.0 = Release|Any CPU
		{73FAF697-0B86-4BC9-8594-8D28131FCC72}.Debug|Any CPU.ActiveCfg = Debug|Any CPU
		{73FAF697-0B86-4BC9-8594-8D28131FCC72}.Debug|Any CPU.Build.0 = Debug|Any CPU
		{73FAF697-0B86-4BC9-8594-8D28131FCC72}.Release|Any CPU.ActiveCfg = Release|Any CPU
		{73FAF697-0B86-4BC9-8594-8D28131FCC72}.Release|Any CPU.Build.0 = Release|Any CPU
	EndGlobalSection
	GlobalSection(SolutionProperties) = preSolution
		HideSolutionNode = FALSE
	EndGlobalSection
	GlobalSection(ExtensibilityGlobals) = postSolution
		SolutionGuid = {3FD306B7-E439-4066-9AF3-232519BBDB7C}
	EndGlobalSection
EndGlobal
